
Microsoft Visual Studio Solution File, Format Version 12.00
# Visual Studio Version 17
VisualStudioVersion = 17.5.33516.290
MinimumVisualStudioVersion = 10.0.40219.1
Project("{FAE04EC0-301F-11D3-BF4B-00C04F79EFBC}") = "BaiTap", "BaiTap\BaiTap.csproj", "{B312B949-8C20-4EF6-8548-1AB62CEAC0D5}"
EndProject
Global
	GlobalSection(SolutionConfigurationPlatforms) = preSolution
		Debug|Any CPU = Debug|Any CPU
		Release|Any CPU = Release|Any CPU
	EndGlobalSection
	GlobalSection(ProjectConfigurationPlatforms) = postSolution
		{B312B949-8C20-4EF6-8548-1AB62CEAC0D5}.Debug|Any CPU.ActiveCfg = Debug|Any CPU
		{B312B949-8C20-4EF6-8548-1AB62CEAC0D5}.Debug|Any CPU.Build.0 = Debug|Any CPU
		{B312B949-8C20-4EF6-8548-1AB62CEAC0D5}.Release|Any CPU.ActiveCfg = Release|Any CPU
		{B312B949-8C20-4EF6-8548-1AB62CEAC0D5}.Release|Any CPU.Build.0 = Release|Any CPU
	EndGlobalSection
	GlobalSection(SolutionProperties) = preSolution
		HideSolutionNode = FALSE
	EndGlobalSection
	GlobalSection(ExtensibilityGlobals) = postSolution
		SolutionGuid = {1A8F1D65-0F81-494C-9E8C-F53F99069F1A}
	EndGlobalSection
EndGlobal
